
Microsoft Visual Studio Solution File, Format Version 11.00
# Visual Studio 2010
Project("{FAE04EC0-301F-11D3-BF4B-00C04F79EFBC}") = "License3DotNet", "License3DotNet\License3DotNet.csproj", "{C7D8A259-6891-4DA5-BD1E-F55830BF9E2A}"
EndProject
Global
	GlobalSection(SolutionConfigurationPlatforms) = preSolution
		Debug|Any CPU = Debug|Any CPU
		Release|Any CPU = Release|Any CPU
	EndGlobalSection
	GlobalSection(ProjectConfigurationPlatforms) = postSolution
		{C7D8A259-6891-4DA5-BD1E-F55830BF9E2A}.Debug|Any CPU.ActiveCfg = Debug|Any CPU
		{C7D8A259-6891-4DA5-BD1E-F55830BF9E2A}.Debug|Any CPU.Build.0 = Debug|Any CPU
		{C7D8A259-6891-4DA5-BD1E-F55830BF9E2A}.Release|Any CPU.ActiveCfg = Release|Any CPU
		{C7D8A259-6891-4DA5-BD1E-F55830BF9E2A}.Release|Any CPU.Build.0 = Release|Any CPU
	EndGlobalSection
	GlobalSection(SolutionProperties) = preSolution
		HideSolutionNode = FALSE
	EndGlobalSection
EndGlobal
